Microsoft Visual Studio Solution File, Format Version 12.00
# Visual Studio Version 17
VisualStudioVersion = 17.5.2.0
MinimumVisualStudioVersion = 10.0.40219.1
Project("{FAE04EC0-301F-11D3-BF4B-00C04F79EFBC}") = "API spotify att", "API spotify att.csproj", "{5E59270A-8B07-2D58-1B7D-F40E6CFBAD33}"
EndProject
Global
	GlobalSection(SolutionConfigurationPlatforms) = preSolution
		Debug|Any CPU = Debug|Any CPU
		Release|Any CPU = Release|Any CPU
	EndGlobalSection
	GlobalSection(ProjectConfigurationPlatforms) = postSolution
		{5E59270A-8B07-2D58-1B7D-F40E6CFBAD33}.Debug|Any CPU.ActiveCfg = Debug|Any CPU
		{5E59270A-8B07-2D58-1B7D-F40E6CFBAD33}.Debug|Any CPU.Build.0 = Debug|Any CPU
		{5E59270A-8B07-2D58-1B7D-F40E6CFBAD33}.Release|Any CPU.ActiveCfg = Release|Any CPU
		{5E59270A-8B07-2D58-1B7D-F40E6CFBAD33}.Release|Any CPU.Build.0 = Release|Any CPU
	EndGlobalSection
	GlobalSection(SolutionProperties) = preSolution
		HideSolutionNode = FALSE
	EndGlobalSection
	GlobalSection(ExtensibilityGlobals) = postSolution
		SolutionGuid = {5319C3E8-1EE4-415B-918D-3A569EADB203}
	EndGlobalSection
EndGlobal
